// !$*UTF8*$!
{
	archiveVersion = 1;
	classes = {
	};
	objectVersion = 46;
	objects = {

/* Begin PBXBuildFile section */
		217EB949BFF347A2065BBD6F /* Pods_MyDogSpot.framework in Frameworks */ = {isa = PBXBuildFile; fileRef = 73DAD53DC5BE91B9D4E738D9 /* Pods_MyDogSpot.framework */; };
		EA11D36A1CE2AC4900084AC0 /* CurrentUserProfileVC.swift in Sources */ = {isa = PBXBuildFile; fileRef = EA11D3691CE2AC4900084AC0 /* CurrentUserProfileVC.swift */; };
		EA11D36C1CE2AC7C00084AC0 /* DogCollectionViewCell.swift in Sources */ = {isa = PBXBuildFile; fileRef = EA11D36B1CE2AC7C00084AC0 /* DogCollectionViewCell.swift */; };
		EA2635E41CDE945700A0EDA1 /* CommentsVC.swift in Sources */ = {isa = PBXBuildFile; fileRef = EA2635E31CDE945700A0EDA1 /* CommentsVC.swift */; };
		EA2635E61CDE9D6E00A0EDA1 /* Comment.swift in Sources */ = {isa = PBXBuildFile; fileRef = EA2635E51CDE9D6E00A0EDA1 /* Comment.swift */; };
		EA2635E81CDE9FEF00A0EDA1 /* CommentCell.swift in Sources */ = {isa = PBXBuildFile; fileRef = EA2635E71CDE9FEF00A0EDA1 /* CommentCell.swift */; };
		EAA646BD1CB44F9700BDF57C /* AppDelegate.swift in Sources */ = {isa = PBXBuildFile; fileRef = EAA646BC1CB44F9700BDF57C /* AppDelegate.swift */; };
		EAA646BF1CB44F9700BDF57C /* ViewController.swift in Sources */ = {isa = PBXBuildFile; fileRef = EAA646BE1CB44F9700BDF57C /* ViewController.swift */; };
		EAA646C21CB44F9700BDF57C /* Main.storyboard in Resources */ = {isa = PBXBuildFile; fileRef = EAA646C01CB44F9700BDF57C /* Main.storyboard */; };
		EAA646C41CB44F9700BDF57C /* Assets.xcassets in Resources */ = {isa = PBXBuildFile; fileRef = EAA646C31CB44F9700BDF57C /* Assets.xcassets */; };
		EAA646C71CB44F9700BDF57C /* LaunchScreen.storyboard in Resources */ = {isa = PBXBuildFile; fileRef = EAA646C51CB44F9700BDF57C /* LaunchScreen.storyboard */; };
		EAA646D21CB44F9700BDF57C /* MyDogSpotTests.swift in Sources */ = {isa = PBXBuildFile; fileRef = EAA646D11CB44F9700BDF57C /* MyDogSpotTests.swift */; };
		EAA646DD1CB44F9700BDF57C /* MyDogSpotUITests.swift in Sources */ = {isa = PBXBuildFile; fileRef = EAA646DC1CB44F9700BDF57C /* MyDogSpotUITests.swift */; };
		EAA646F01CB460BB00BDF57C /* Constants.swift in Sources */ = {isa = PBXBuildFile; fileRef = EAA646EF1CB460BB00BDF57C /* Constants.swift */; };
		EAA646F21CB4616300BDF57C /* MaterialButton.swift in Sources */ = {isa = PBXBuildFile; fileRef = EAA646F11CB4616300BDF57C /* MaterialButton.swift */; };
		EAA646F41CB462E200BDF57C /* MaterialTextField.swift in Sources */ = {isa = PBXBuildFile; fileRef = EAA646F31CB462E200BDF57C /* MaterialTextField.swift */; };
		EAA646F91CB473CF00BDF57C /* Bolts.framework in Frameworks */ = {isa = PBXBuildFile; fileRef = EAA646F61CB473CF00BDF57C /* Bolts.framework */; };
		EAA646FA1CB473CF00BDF57C /* FBSDKCoreKit.framework in Frameworks */ = {isa = PBXBuildFile; fileRef = EAA646F71CB473CF00BDF57C /* FBSDKCoreKit.framework */; };
		EAA646FB1CB473CF00BDF57C /* FBSDKLoginKit.framework in Frameworks */ = {isa = PBXBuildFile; fileRef = EAA646F81CB473CF00BDF57C /* FBSDKLoginKit.framework */; };
		EAA646FE1CB6CF0700BDF57C /* DataService.swift in Sources */ = {isa = PBXBuildFile; fileRef = EAA646FD1CB6CF0700BDF57C /* DataService.swift */; };
		EABBB3CD1CCFFCAD00ACE9E7 /* FeedVC.swift in Sources */ = {isa = PBXBuildFile; fileRef = EABBB3CC1CCFFCAD00ACE9E7 /* FeedVC.swift */; };
		EABBB3CF1CCFFFD600ACE9E7 /* PostCell.swift in Sources */ = {isa = PBXBuildFile; fileRef = EABBB3CE1CCFFFD600ACE9E7 /* PostCell.swift */; };
		EABBB3D11CD0028800ACE9E7 /* MaterialView.swift in Sources */ = {isa = PBXBuildFile; fileRef = EABBB3D01CD0028800ACE9E7 /* MaterialView.swift */; };
		EAC9F0151CD04E96003B5F90 /* Post.swift in Sources */ = {isa = PBXBuildFile; fileRef = EAC9F0141CD04E96003B5F90 /* Post.swift */; };
		EAC9F0171CD29E2A003B5F90 /* CreateUserVC.swift in Sources */ = {isa = PBXBuildFile; fileRef = EAC9F0161CD29E2A003B5F90 /* CreateUserVC.swift */; };
		EAC9F0191CD29FCB003B5F90 /* CreateUser.swift in Sources */ = {isa = PBXBuildFile; fileRef = EAC9F0181CD29FCB003B5F90 /* CreateUser.swift */; };
		EAC9F01D1CD2E9B2003B5F90 /* PorfileVC.swift in Sources */ = {isa = PBXBuildFile; fileRef = EAC9F01C1CD2E9B2003B5F90 /* PorfileVC.swift */; };
		EAC9F01F1CD2E9ED003B5F90 /* ProfileView.swift in Sources */ = {isa = PBXBuildFile; fileRef = EAC9F01E1CD2E9ED003B5F90 /* ProfileView.swift */; };
		EAC9F0211CD3169B003B5F90 /* profileImage.swift in Sources */ = {isa = PBXBuildFile; fileRef = EAC9F0201CD3169B003B5F90 /* profileImage.swift */; };
		EACF5BB41CDF6B44001AC8D9 /* PostCommentTextView.swift in Sources */ = {isa = PBXBuildFile; fileRef = EACF5BB31CDF6B44001AC8D9 /* PostCommentTextView.swift */; };
		EACF5BB61CE02892001AC8D9 /* SignUpTextField.swift in Sources */ = {isa = PBXBuildFile; fileRef = EACF5BB51CE02892001AC8D9 /* SignUpTextField.swift */; };
		EACF5BB81CE15283001AC8D9 /* CreateDogVC.swift in Sources */ = {isa = PBXBuildFile; fileRef = EACF5BB71CE15283001AC8D9 /* CreateDogVC.swift */; };
		EACF5BBA1CE15FC6001AC8D9 /* Dog.swift in Sources */ = {isa = PBXBuildFile; fileRef = EACF5BB91CE15FC6001AC8D9 /* Dog.swift */; };
		EAD6221E1CD43B1000CBEB03 /* UsersProfileVC.swift in Sources */ = {isa = PBXBuildFile; fileRef = EAD6221D1CD43B1000CBEB03 /* UsersProfileVC.swift */; };
/* End PBXBuildFile section */

/* Begin PBXContainerItemProxy section */
		EAA646CE1CB44F9700BDF57C /* PBXContainerItemProxy */ = {
			isa = PBXContainerItemProxy;
			containerPortal = EAA646B11CB44F9600BDF57C /* Project object */;
			proxyType = 1;
			remoteGlobalIDString = EAA646B81CB44F9600BDF57C;
			remoteInfo = MyDogSpot;
		};
		EAA646D91CB44F9700BDF57C /* PBXContainerItemProxy */ = {
			isa = PBXContainerItemProxy;
			containerPortal = EAA646B11CB44F9600BDF57C /* Project object */;
			proxyType = 1;
			remoteGlobalIDString = EAA646B81CB44F9600BDF57C;
			remoteInfo = MyDogSpot;
		};
/* End PBXContainerItemProxy section */

/* Begin PBXFileReference section */
		18739A6F8DA1A41974076543 /* Pods-MyDogSpot.release.xcconfig */ = {isa = PBXFileReference; includeInIndex = 1; lastKnownFileType = text.xcconfig; name = "Pods-MyDogSpot.release.xcconfig"; path = "Pods/Target Support Files/Pods-MyDogSpot/Pods-MyDogSpot.release.xcconfig"; sourceTree = "<group>"; };
		73DAD53DC5BE91B9D4E738D9 /* Pods_MyDogSpot.framework */ = {isa = PBXFileReference; explicitFileType = wrapper.framework; includeInIndex = 0; path = Pods_MyDogSpot.framework; sourceTree = BUILT_PRODUCTS_DIR; };
		CD28734B01678CB1826695A2 /* Pods-MyDogSpot.debug.xcconfig */ = {isa = PBXFileReference; includeInIndex = 1; lastKnownFileType = text.xcconfig; name = "Pods-MyDogSpot.debug.xcconfig"; path = "Pods/Target Support Files/Pods-MyDogSpot/Pods-MyDogSpot.debug.xcconfig"; sourceTree = "<group>"; };
		EA11D3691CE2AC4900084AC0 /* CurrentUserProfileVC.swift */ = {isa = PBXFileReference; fileEncoding = 4; lastKnownFileType = sourcecode.swift; path = CurrentUserProfileVC.swift; sourceTree = "<group>"; };
		EA11D36B1CE2AC7C00084AC0 /* DogCollectionViewCell.swift */ = {isa = PBXFileReference; fileEncoding = 4; lastKnownFileType = sourcecode.swift; path = DogCollectionViewCell.swift; sourceTree = "<group>"; };
		EA2635E31CDE945700A0EDA1 /* CommentsVC.swift */ = {isa = PBXFileReference; fileEncoding = 4; lastKnownFileType = sourcecode.swift; path = CommentsVC.swift; sourceTree = "<group>"; };
		EA2635E51CDE9D6E00A0EDA1 /* Comment.swift */ = {isa = PBXFileReference; fileEncoding = 4; lastKnownFileType = sourcecode.swift; path = Comment.swift; sourceTree = "<group>"; };
		EA2635E71CDE9FEF00A0EDA1 /* CommentCell.swift */ = {isa = PBXFileReference; fileEncoding = 4; lastKnownFileType = sourcecode.swift; path = CommentCell.swift; sourceTree = "<group>"; };
		EAA646B91CB44F9600BDF57C /* MyDogSpot.app */ = {isa = PBXFileReference; explicitFileType = wrapper.application; includeInIndex = 0; path = MyDogSpot.app; sourceTree = BUILT_PRODUCTS_DIR; };
		EAA646BC1CB44F9700BDF57C /* AppDelegate.swift */ = {isa = PBXFileReference; lastKnownFileType = sourcecode.swift; path = AppDelegate.swift; sourceTree = "<group>"; };
		EAA646BE1CB44F9700BDF57C /* ViewController.swift */ = {isa = PBXFileReference; lastKnownFileType = sourcecode.swift; path = ViewController.swift; sourceTree = "<group>"; };
		EAA646C11CB44F9700BDF57C /* Base */ = {isa = PBXFileReference; lastKnownFileType = file.storyboard; name = Base; path = Base.lproj/Main.storyboard; sourceTree = "<group>"; };
		EAA646C31CB44F9700BDF57C /* Assets.xcassets */ = {isa = PBXFileReference; lastKnownFileType = folder.assetcatalog; path = Assets.xcassets; sourceTree = "<group>"; };
		EAA646C61CB44F9700BDF57C /* Base */ = {isa = PBXFileReference; lastKnownFileType = file.storyboard; name = Base; path = Base.lproj/LaunchScreen.storyboard; sourceTree = "<group>"; };
		EAA646C81CB44F9700BDF57C /* Info.plist */ = {isa = PBXFileReference; lastKnownFileType = text.plist.xml; path = Info.plist; sourceTree = "<group>"; };
		EAA646CD1CB44F9700BDF57C /* MyDogSpotTests.xctest */ = {isa = PBXFileReference; explicitFileType = wrapper.cfbundle; includeInIndex = 0; path = MyDogSpotTests.xctest; sourceTree = BUILT_PRODUCTS_DIR; };
		EAA646D11CB44F9700BDF57C /* MyDogSpotTests.swift */ = {isa = PBXFileReference; lastKnownFileType = sourcecode.swift; path = MyDogSpotTests.swift; sourceTree = "<group>"; };
		EAA646D31CB44F9700BDF57C /* Info.plist */ = {isa = PBXFileReference; lastKnownFileType = text.plist.xml; path = Info.plist; sourceTree = "<group>"; };
		EAA646D81CB44F9700BDF57C /* MyDogSpotUITests.xctest */ = {isa = PBXFileReference; explicitFileType = wrapper.cfbundle; includeInIndex = 0; path = MyDogSpotUITests.xctest; sourceTree = BUILT_PRODUCTS_DIR; };
		EAA646DC1CB44F9700BDF57C /* MyDogSpotUITests.swift */ = {isa = PBXFileReference; lastKnownFileType = sourcecode.swift; path = MyDogSpotUITests.swift; sourceTree = "<group>"; };
		EAA646DE1CB44F9700BDF57C /* Info.plist */ = {isa = PBXFileReference; lastKnownFileType = text.plist.xml; path = Info.plist; sourceTree = "<group>"; };
		EAA646EF1CB460BB00BDF57C /* Constants.swift */ = {isa = PBXFileReference; fileEncoding = 4; lastKnownFileType = sourcecode.swift; path = Constants.swift; sourceTree = "<group>"; };
		EAA646F11CB4616300BDF57C /* MaterialButton.swift */ = {isa = PBXFileReference; fileEncoding = 4; lastKnownFileType = sourcecode.swift; path = MaterialButton.swift; sourceTree = "<group>"; };
		EAA646F31CB462E200BDF57C /* MaterialTextField.swift */ = {isa = PBXFileReference; fileEncoding = 4; lastKnownFileType = sourcecode.swift; path = MaterialTextField.swift; sourceTree = "<group>"; };
		EAA646F61CB473CF00BDF57C /* Bolts.framework */ = {isa = PBXFileReference; lastKnownFileType = wrapper.framework; path = Bolts.framework; sourceTree = "<group>"; };
		EAA646F71CB473CF00BDF57C /* FBSDKCoreKit.framework */ = {isa = PBXFileReference; lastKnownFileType = wrapper.framework; path = FBSDKCoreKit.framework; sourceTree = "<group>"; };
		EAA646F81CB473CF00BDF57C /* FBSDKLoginKit.framework */ = {isa = PBXFileReference; lastKnownFileType = wrapper.framework; path = FBSDKLoginKit.framework; sourceTree = "<group>"; };
		EAA646FD1CB6CF0700BDF57C /* DataService.swift */ = {isa = PBXFileReference; fileEncoding = 4; lastKnownFileType = sourcecode.swift; path = DataService.swift; sourceTree = "<group>"; };
		EABBB3CC1CCFFCAD00ACE9E7 /* FeedVC.swift */ = {isa = PBXFileReference; fileEncoding = 4; lastKnownFileType = sourcecode.swift; path = FeedVC.swift; sourceTree = "<group>"; };
		EABBB3CE1CCFFFD600ACE9E7 /* PostCell.swift */ = {isa = PBXFileReference; fileEncoding = 4; lastKnownFileType = sourcecode.swift; path = PostCell.swift; sourceTree = "<group>"; };
		EABBB3D01CD0028800ACE9E7 /* MaterialView.swift */ = {isa = PBXFileReference; fileEncoding = 4; lastKnownFileType = sourcecode.swift; path = MaterialView.swift; sourceTree = "<group>"; };
		EAC9F0141CD04E96003B5F90 /* Post.swift */ = {isa = PBXFileReference; fileEncoding = 4; lastKnownFileType = sourcecode.swift; path = Post.swift; sourceTree = "<group>"; };
		EAC9F0161CD29E2A003B5F90 /* CreateUserVC.swift */ = {isa = PBXFileReference; fileEncoding = 4; lastKnownFileType = sourcecode.swift; path = CreateUserVC.swift; sourceTree = "<group>"; };
		EAC9F0181CD29FCB003B5F90 /* CreateUser.swift */ = {isa = PBXFileReference; fileEncoding = 4; lastKnownFileType = sourcecode.swift; path = CreateUser.swift; sourceTree = "<group>"; };
		EAC9F01C1CD2E9B2003B5F90 /* PorfileVC.swift */ = {isa = PBXFileReference; fileEncoding = 4; lastKnownFileType = sourcecode.swift; path = PorfileVC.swift; sourceTree = "<group>"; };
		EAC9F01E1CD2E9ED003B5F90 /* ProfileView.swift */ = {isa = PBXFileReference; fileEncoding = 4; lastKnownFileType = sourcecode.swift; path = ProfileView.swift; sourceTree = "<group>"; };
		EAC9F0201CD3169B003B5F90 /* profileImage.swift */ = {isa = PBXFileReference; fileEncoding = 4; lastKnownFileType = sourcecode.swift; path = profileImage.swift; sourceTree = "<group>"; };
		EACF5BB31CDF6B44001AC8D9 /* PostCommentTextView.swift */ = {isa = PBXFileReference; fileEncoding = 4; lastKnownFileType = sourcecode.swift; path = PostCommentTextView.swift; sourceTree = "<group>"; };
		EACF5BB51CE02892001AC8D9 /* SignUpTextField.swift */ = {isa = PBXFileReference; fileEncoding = 4; lastKnownFileType = sourcecode.swift; path = SignUpTextField.swift; sourceTree = "<group>"; };
		EACF5BB71CE15283001AC8D9 /* CreateDogVC.swift */ = {isa = PBXFileReference; fileEncoding = 4; lastKnownFileType = sourcecode.swift; path = CreateDogVC.swift; sourceTree = "<group>"; };
		EACF5BB91CE15FC6001AC8D9 /* Dog.swift */ = {isa = PBXFileReference; fileEncoding = 4; lastKnownFileType = sourcecode.swift; path = Dog.swift; sourceTree = "<group>"; };
		EAD6221D1CD43B1000CBEB03 /* UsersProfileVC.swift */ = {isa = PBXFileReference; fileEncoding = 4; lastKnownFileType = sourcecode.swift; path = UsersProfileVC.swift; sourceTree = "<group>"; };
/* End PBXFileReference section */

/* Begin PBXFrameworksBuildPhase section */
		EAA646B61CB44F9600BDF57C /* Frameworks */ = {
			isa = PBXFrameworksBuildPhase;
			buildActionMask = 2147483647;
			files = (
				EAA646F91CB473CF00BDF57C /* Bolts.framework in Frameworks */,
				EAA646FA1CB473CF00BDF57C /* FBSDKCoreKit.framework in Frameworks */,
				EAA646FB1CB473CF00BDF57C /* FBSDKLoginKit.framework in Frameworks */,
				217EB949BFF347A2065BBD6F /* Pods_MyDogSpot.framework in Frameworks */,
			);
			runOnlyForDeploymentPostprocessing = 0;
		};
		EAA646CA1CB44F9700BDF57C /* Frameworks */ = {
			isa = PBXFrameworksBuildPhase;
			buildActionMask = 2147483647;
			files = (
			);
			runOnlyForDeploymentPostprocessing = 0;
		};
		EAA646D51CB44F9700BDF57C /* Frameworks */ = {
			isa = PBXFrameworksBuildPhase;
			buildActionMask = 2147483647;
			files = (
			);
			runOnlyForDeploymentPostprocessing = 0;
		};
/* End PBXFrameworksBuildPhase section */

/* Begin PBXGroup section */
		6069CBFDC0897966D21AA0F6 /* Pods */ = {
			isa = PBXGroup;
			children = (
				CD28734B01678CB1826695A2 /* Pods-MyDogSpot.debug.xcconfig */,
				18739A6F8DA1A41974076543 /* Pods-MyDogSpot.release.xcconfig */,
			);
			name = Pods;
			sourceTree = "<group>";
		};
		A48BF92556D35B155589D97D /* Frameworks */ = {
			isa = PBXGroup;
			children = (
				73DAD53DC5BE91B9D4E738D9 /* Pods_MyDogSpot.framework */,
			);
			name = Frameworks;
			sourceTree = "<group>";
		};
		EAA646B01CB44F9600BDF57C = {
			isa = PBXGroup;
			children = (
				EAA646BB1CB44F9700BDF57C /* MyDogSpot */,
				EAA646D01CB44F9700BDF57C /* MyDogSpotTests */,
				EAA646DB1CB44F9700BDF57C /* MyDogSpotUITests */,
				EAA646BA1CB44F9600BDF57C /* Products */,
				6069CBFDC0897966D21AA0F6 /* Pods */,
				A48BF92556D35B155589D97D /* Frameworks */,
			);
			sourceTree = "<group>";
		};
		EAA646BA1CB44F9600BDF57C /* Products */ = {
			isa = PBXGroup;
			children = (
				EAA646B91CB44F9600BDF57C /* MyDogSpot.app */,
				EAA646CD1CB44F9700BDF57C /* MyDogSpotTests.xctest */,
				EAA646D81CB44F9700BDF57C /* MyDogSpotUITests.xctest */,
			);
			name = Products;
			sourceTree = "<group>";
		};
		EAA646BB1CB44F9700BDF57C /* MyDogSpot */ = {
			isa = PBXGroup;
			children = (
				EAA646FC1CB6CEF200BDF57C /* Services */,
				EAA646F51CB473C000BDF57C /* Frameworks */,
				EAA646EE1CB4513900BDF57C /* Util */,
				EAA646ED1CB4513300BDF57C /* Resources */,
				EAA646EC1CB4512C00BDF57C /* Model */,
				EAA646EB1CB4512600BDF57C /* View */,
				EAA646EA1CB4512000BDF57C /* Controller */,
				EAA646BC1CB44F9700BDF57C /* AppDelegate.swift */,
				EAA646C01CB44F9700BDF57C /* Main.storyboard */,
				EAA646C31CB44F9700BDF57C /* Assets.xcassets */,
				EAA646C51CB44F9700BDF57C /* LaunchScreen.storyboard */,
				EAA646C81CB44F9700BDF57C /* Info.plist */,
			);
			path = MyDogSpot;
			sourceTree = "<group>";
		};
		EAA646D01CB44F9700BDF57C /* MyDogSpotTests */ = {
			isa = PBXGroup;
			children = (
				EAA646D11CB44F9700BDF57C /* MyDogSpotTests.swift */,
				EAA646D31CB44F9700BDF57C /* Info.plist */,
			);
			path = MyDogSpotTests;
			sourceTree = "<group>";
		};
		EAA646DB1CB44F9700BDF57C /* MyDogSpotUITests */ = {
			isa = PBXGroup;
			children = (
				EAA646DC1CB44F9700BDF57C /* MyDogSpotUITests.swift */,
				EAA646DE1CB44F9700BDF57C /* Info.plist */,
			);
			path = MyDogSpotUITests;
			sourceTree = "<group>";
		};
		EAA646EA1CB4512000BDF57C /* Controller */ = {
			isa = PBXGroup;
			children = (
				EAA646BE1CB44F9700BDF57C /* ViewController.swift */,
				EABBB3CC1CCFFCAD00ACE9E7 /* FeedVC.swift */,
				EAC9F0161CD29E2A003B5F90 /* CreateUserVC.swift */,
				EAC9F01C1CD2E9B2003B5F90 /* PorfileVC.swift */,
				EAD6221D1CD43B1000CBEB03 /* UsersProfileVC.swift */,
				EA2635E31CDE945700A0EDA1 /* CommentsVC.swift */,
				EACF5BB71CE15283001AC8D9 /* CreateDogVC.swift */,
				EA11D3691CE2AC4900084AC0 /* CurrentUserProfileVC.swift */,
			);
			name = Controller;
			sourceTree = "<group>";
		};
		EAA646EB1CB4512600BDF57C /* View */ = {
			isa = PBXGroup;
			children = (
				EAA646F11CB4616300BDF57C /* MaterialButton.swift */,
				EAA646F31CB462E200BDF57C /* MaterialTextField.swift */,
				EABBB3CE1CCFFFD600ACE9E7 /* PostCell.swift */,
				EABBB3D01CD0028800ACE9E7 /* MaterialView.swift */,
				EAC9F01E1CD2E9ED003B5F90 /* ProfileView.swift */,
				EAC9F0201CD3169B003B5F90 /* profileImage.swift */,
				EA2635E71CDE9FEF00A0EDA1 /* CommentCell.swift */,
				EACF5BB31CDF6B44001AC8D9 /* PostCommentTextView.swift */,
				EACF5BB51CE02892001AC8D9 /* SignUpTextField.swift */,
				EA11D36B1CE2AC7C00084AC0 /* DogCollectionViewCell.swift */,
			);
			name = View;
			sourceTree = "<group>";
		};
		EAA646EC1CB4512C00BDF57C /* Model */ = {
			isa = PBXGroup;
			children = (
				EAC9F0141CD04E96003B5F90 /* Post.swift */,
				EAC9F0181CD29FCB003B5F90 /* CreateUser.swift */,
				EA2635E51CDE9D6E00A0EDA1 /* Comment.swift */,
				EACF5BB91CE15FC6001AC8D9 /* Dog.swift */,
			);
			name = Model;
			sourceTree = "<group>";
		};
		EAA646ED1CB4513300BDF57C /* Resources */ = {
			isa = PBXGroup;
			children = (
			);
			name = Resources;
			sourceTree = "<group>";
		};
		EAA646EE1CB4513900BDF57C /* Util */ = {
			isa = PBXGroup;
			children = (
				EAA646EF1CB460BB00BDF57C /* Constants.swift */,
			);
			name = Util;
			sourceTree = "<group>";
		};
		EAA646F51CB473C000BDF57C /* Frameworks */ = {
			isa = PBXGroup;
			children = (
				EAA646F61CB473CF00BDF57C /* Bolts.framework */,
				EAA646F71CB473CF00BDF57C /* FBSDKCoreKit.framework */,
				EAA646F81CB473CF00BDF57C /* FBSDKLoginKit.framework */,
			);
			name = Frameworks;
			sourceTree = "<group>";
		};
		EAA646FC1CB6CEF200BDF57C /* Services */ = {
			isa = PBXGroup;
			children = (
				EAA646FD1CB6CF0700BDF57C /* DataService.swift */,
			);
			name = Services;
			sourceTree = "<group>";
		};
/* End PBXGroup section */

/* Begin PBXNativeTarget section */
		EAA646B81CB44F9600BDF57C /* MyDogSpot */ = {
			isa = PBXNativeTarget;
			buildConfigurationList = EAA646E11CB44F9700BDF57C /* Build configuration list for PBXNativeTarget "MyDogSpot" */;
			buildPhases = (
				96F895E94030AE5CD5644205 /* Check Pods Manifest.lock */,
				EAA646B51CB44F9600BDF57C /* Sources */,
				EAA646B61CB44F9600BDF57C /* Frameworks */,
				EAA646B71CB44F9600BDF57C /* Resources */,
				E22A33055B19356D577A4F1D /* Embed Pods Frameworks */,
				63B87CD21E155E4F9113BD22 /* Copy Pods Resources */,
			);
			buildRules = (
			);
			dependencies = (
			);
			name = MyDogSpot;
			productName = MyDogSpot;
			productReference = EAA646B91CB44F9600BDF57C /* MyDogSpot.app */;
			productType = "com.apple.product-type.application";
		};
		EAA646CC1CB44F9700BDF57C /* MyDogSpotTests */ = {
			isa = PBXNativeTarget;
			buildConfigurationList = EAA646E41CB44F9700BDF57C /* Build configuration list for PBXNativeTarget "MyDogSpotTests" */;
			buildPhases = (
				EAA646C91CB44F9700BDF57C /* Sources */,
				EAA646CA1CB44F9700BDF57C /* Frameworks */,
				EAA646CB1CB44F9700BDF57C /* Resources */,
			);
			buildRules = (
			);
			dependencies = (
				EAA646CF1CB44F9700BDF57C /* PBXTargetDependency */,
			);
			name = MyDogSpotTests;
			productName = MyDogSpotTests;
			productReference = EAA646CD1CB44F9700BDF57C /* MyDogSpotTests.xctest */;
			productType = "com.apple.product-type.bundle.unit-test";
		};
		EAA646D71CB44F9700BDF57C /* MyDogSpotUITests */ = {
			isa = PBXNativeTarget;
			buildConfigurationList = EAA646E71CB44F9700BDF57C /* Build configuration list for PBXNativeTarget "MyDogSpotUITests" */;
			buildPhases = (
				EAA646D41CB44F9700BDF57C /* Sources */,
				EAA646D51CB44F9700BDF57C /* Frameworks */,
				EAA646D61CB44F9700BDF57C /* Resources */,
			);
			buildRules = (
			);
			dependencies = (
				EAA646DA1CB44F9700BDF57C /* PBXTargetDependency */,
			);
			name = MyDogSpotUITests;
			productName = MyDogSpotUITests;
			productReference = EAA646D81CB44F9700BDF57C /* MyDogSpotUITests.xctest */;
			productType = "com.apple.product-type.bundle.ui-testing";
		};
/* End PBXNativeTarget section */

/* Begin PBXProject section */
		EAA646B11CB44F9600BDF57C /* Project object */ = {
			isa = PBXProject;
			attributes = {
				LastSwiftUpdateCheck = 0730;
				LastUpgradeCheck = 0730;
				ORGANIZATIONNAME = "Erika Wilcox";
				TargetAttributes = {
					EAA646B81CB44F9600BDF57C = {
						CreatedOnToolsVersion = 7.3;
						DevelopmentTeam = B8265Z67V5;
					};
					EAA646CC1CB44F9700BDF57C = {
						CreatedOnToolsVersion = 7.3;
						TestTargetID = EAA646B81CB44F9600BDF57C;
					};
					EAA646D71CB44F9700BDF57C = {
						CreatedOnToolsVersion = 7.3;
						TestTargetID = EAA646B81CB44F9600BDF57C;
					};
				};
			};
			buildConfigurationList = EAA646B41CB44F9600BDF57C /* Build configuration list for PBXProject "MyDogSpot" */;
			compatibilityVersion = "Xcode 3.2";
			developmentRegion = English;
			hasScannedForEncodings = 0;
			knownRegions = (
				en,
				Base,
			);
			mainGroup = EAA646B01CB44F9600BDF57C;
			productRefGroup = EAA646BA1CB44F9600BDF57C /* Products */;
			projectDirPath = "";
			projectRoot = "";
			targets = (
				EAA646B81CB44F9600BDF57C /* MyDogSpot */,
				EAA646CC1CB44F9700BDF57C /* MyDogSpotTests */,
				EAA646D71CB44F9700BDF57C /* MyDogSpotUITests */,
			);
		};
/* End PBXProject section */

/* Begin PBXResourcesBuildPhase section */
		EAA646B71CB44F9600BDF57C /* Resources */ = {
			isa = PBXResourcesBuildPhase;
			buildActionMask = 2147483647;
			files = (
				EAA646C71CB44F9700BDF57C /* LaunchScreen.storyboard in Resources */,
				EAA646C41CB44F9700BDF57C /* Assets.xcassets in Resources */,
				EAA646C21CB44F9700BDF57C /* Main.storyboard in Resources */,
			);
			runOnlyForDeploymentPostprocessing = 0;
		};
		EAA646CB1CB44F9700BDF57C /* Resources */ = {
			isa = PBXResourcesBuildPhase;
			buildActionMask = 2147483647;
			files = (
			);
			runOnlyForDeploymentPostprocessing = 0;
		};
		EAA646D61CB44F9700BDF57C /* Resources */ = {
			isa = PBXResourcesBuildPhase;
			buildActionMask = 2147483647;
			files = (
			);
			runOnlyForDeploymentPostprocessing = 0;
		};
/* End PBXResourcesBuildPhase section */

/* Begin PBXShellScriptBuildPhase section */
		63B87CD21E155E4F9113BD22 /* Copy Pods Resources */ = {
			isa = PBXShellScriptBuildPhase;
			buildActionMask = 2147483647;
			files = (
			);
			inputPaths = (
			);
			name = "Copy Pods Resources";
			outputPaths = (
			);
			runOnlyForDeploymentPostprocessing = 0;
			shellPath = /bin/sh;
			shellScript = "\"${SRCROOT}/Pods/Target Support Files/Pods-MyDogSpot/Pods-MyDogSpot-resources.sh\"\n";
			showEnvVarsInLog = 0;
		};
		96F895E94030AE5CD5644205 /* Check Pods Manifest.lock */ = {
			isa = PBXShellScriptBuildPhase;
			buildActionMask = 2147483647;
			files = (
			);
			inputPaths = (
			);
			name = "Check Pods Manifest.lock";
			outputPaths = (
			);
			runOnlyForDeploymentPostprocessing = 0;
			shellPath = /bin/sh;
			shellScript = "diff \"${PODS_ROOT}/../Podfile.lock\" \"${PODS_ROOT}/Manifest.lock\" > /dev/null\nif [[ $? != 0 ]] ; then\n    cat << EOM\nerror: The sandbox is not in sync with the Podfile.lock. Run 'pod install' or update your CocoaPods installation.\nEOM\n    exit 1\nfi\n";
			showEnvVarsInLog = 0;
		};
		E22A33055B19356D577A4F1D /* Embed Pods Frameworks */ = {
			isa = PBXShellScriptBuildPhase;
			buildActionMask = 2147483647;
			files = (
			);
			inputPaths = (
			);
			name = "Embed Pods Frameworks";
			outputPaths = (
			);
			runOnlyForDeploymentPostprocessing = 0;
			shellPath = /bin/sh;
			shellScript = "\"${SRCROOT}/Pods/Target Support Files/Pods-MyDogSpot/Pods-MyDogSpot-frameworks.sh\"\n";
			showEnvVarsInLog = 0;
		};
/* End PBXShellScriptBuildPhase section */

/* Begin PBXSourcesBuildPhase section */
		EAA646B51CB44F9600BDF57C /* Sources */ = {
			isa = PBXSourcesBuildPhase;
			buildActionMask = 2147483647;
			files = (
				EACF5BBA1CE15FC6001AC8D9 /* Dog.swift in Sources */,
				EA2635E81CDE9FEF00A0EDA1 /* CommentCell.swift in Sources */,
				EA11D36C1CE2AC7C00084AC0 /* DogCollectionViewCell.swift in Sources */,
				EAA646BF1CB44F9700BDF57C /* ViewController.swift in Sources */,
				EABBB3CD1CCFFCAD00ACE9E7 /* FeedVC.swift in Sources */,
				EAC9F01D1CD2E9B2003B5F90 /* PorfileVC.swift in Sources */,
				EAA646BD1CB44F9700BDF57C /* AppDelegate.swift in Sources */,
				EABBB3D11CD0028800ACE9E7 /* MaterialView.swift in Sources */,
				EAA646F41CB462E200BDF57C /* MaterialTextField.swift in Sources */,
				EAA646FE1CB6CF0700BDF57C /* DataService.swift in Sources */,
				EA11D36A1CE2AC4900084AC0 /* CurrentUserProfileVC.swift in Sources */,
				EA2635E61CDE9D6E00A0EDA1 /* Comment.swift in Sources */,
				EACF5BB61CE02892001AC8D9 /* SignUpTextField.swift in Sources */,
				EAA646F21CB4616300BDF57C /* MaterialButton.swift in Sources */,
				EAA646F01CB460BB00BDF57C /* Constants.swift in Sources */,
				EAC9F0171CD29E2A003B5F90 /* CreateUserVC.swift in Sources */,
				EA2635E41CDE945700A0EDA1 /* CommentsVC.swift in Sources */,
				EACF5BB41CDF6B44001AC8D9 /* PostCommentTextView.swift in Sources */,
				EABBB3CF1CCFFFD600ACE9E7 /* PostCell.swift in Sources */,
				EAD6221E1CD43B1000CBEB03 /* UsersProfileVC.swift in Sources */,
				EAC9F0191CD29FCB003B5F90 /* CreateUser.swift in Sources */,
				EAC9F01F1CD2E9ED003B5F90 /* ProfileView.swift in Sources */,
				EAC9F0211CD3169B003B5F90 /* profileImage.swift in Sources */,
				EAC9F0151CD04E96003B5F90 /* Post.swift in Sources */,
				EACF5BB81CE15283001AC8D9 /* CreateDogVC.swift in Sources */,
			);
			runOnlyForDeploymentPostprocessing = 0;
		};
		EAA646C91CB44F9700BDF57C /* Sources */ = {
			isa = PBXSourcesBuildPhase;
			buildActionMask = 2147483647;
			files = (
				EAA646D21CB44F9700BDF57C /* MyDogSpotTests.swift in Sources */,
			);
			runOnlyForDeploymentPostprocessing = 0;
		};
		EAA646D41CB44F9700BDF57C /* Sources */ = {
			isa = PBXSourcesBuildPhase;
			buildActionMask = 2147483647;
			files = (
				EAA646DD1CB44F9700BDF57C /* MyDogSpotUITests.swift in Sources */,
			);
			runOnlyForDeploymentPostprocessing = 0;
		};
/* End PBXSourcesBuildPhase section */

/* Begin PBXTargetDependency section */
		EAA646CF1CB44F9700BDF57C /* PBXTargetDependency */ = {
			isa = PBXTargetDependency;
			target = EAA646B81CB44F9600BDF57C /* MyDogSpot */;
			targetProxy = EAA646CE1CB44F9700BDF57C /* PBXContainerItemProxy */;
		};
		EAA646DA1CB44F9700BDF57C /* PBXTargetDependency */ = {
			isa = PBXTargetDependency;
			target = EAA646B81CB44F9600BDF57C /* MyDogSpot */;
			targetProxy = EAA646D91CB44F9700BDF57C /* PBXContainerItemProxy */;
		};
/* End PBXTargetDependency section */

/* Begin PBXVariantGroup section */
		EAA646C01CB44F9700BDF57C /* Main.storyboard */ = {
			isa = PBXVariantGroup;
			children = (
				EAA646C11CB44F9700BDF57C /* Base */,
			);
			name = Main.storyboard;
			sourceTree = "<group>";
		};
		EAA646C51CB44F9700BDF57C /* LaunchScreen.storyboard */ = {
			isa = PBXVariantGroup;
			children = (
				EAA646C61CB44F9700BDF57C /* Base */,
			);
			name = LaunchScreen.storyboard;
			sourceTree = "<group>";
		};
/* End PBXVariantGroup section */

/* Begin XCBuildConfiguration section */
		EAA646DF1CB44F9700BDF57C /* Debug */ = {
			isa = XCBuildConfiguration;
			buildSettings = {
				ALWAYS_SEARCH_USER_PATHS = NO;
				CLANG_ANALYZER_NONNULL = YES;
				CLANG_CXX_LANGUAGE_STANDARD = "gnu++0x";
				CLANG_CXX_LIBRARY = "libc++";
				CLANG_ENABLE_MODULES = YES;
				CLANG_ENABLE_OBJC_ARC = YES;
				CLANG_WARN_BOOL_CONVERSION = YES;
				CLANG_WARN_CONSTANT_CONVERSION = YES;
				CLANG_WARN_DIRECT_OBJC_ISA_USAGE = YES_ERROR;
				CLANG_WARN_EMPTY_BODY = YES;
				CLANG_WARN_ENUM_CONVERSION = YES;
				CLANG_WARN_INT_CONVERSION = YES;
				CLANG_WARN_OBJC_ROOT_CLASS = YES_ERROR;
				CLANG_WARN_UNREACHABLE_CODE = YES;
				CLANG_WARN__DUPLICATE_METHOD_MATCH = YES;
				"CODE_SIGN_IDENTITY[sdk=iphoneos*]" = "iPhone Developer";
				COPY_PHASE_STRIP = NO;
				DEBUG_INFORMATION_FORMAT = dwarf;
				ENABLE_STRICT_OBJC_MSGSEND = YES;
				ENABLE_TESTABILITY = YES;
				GCC_C_LANGUAGE_STANDARD = gnu99;
				GCC_DYNAMIC_NO_PIC = NO;
				GCC_NO_COMMON_BLOCKS = YES;
				GCC_OPTIMIZATION_LEVEL = 0;
				GCC_PREPROCESSOR_DEFINITIONS = (
					"DEBUG=1",
					"$(inherited)",
				);
				GCC_WARN_64_TO_32_BIT_CONVERSION = YES;
				GCC_WARN_ABOUT_RETURN_TYPE = YES_ERROR;
				GCC_WARN_UNDECLARED_SELECTOR = YES;
				GCC_WARN_UNINITIALIZED_AUTOS = YES_AGGRESSIVE;
				GCC_WARN_UNUSED_FUNCTION = YES;
				GCC_WARN_UNUSED_VARIABLE = YES;
				IPHONEOS_DEPLOYMENT_TARGET = 9.3;
				MTL_ENABLE_DEBUG_INFO = YES;
				ONLY_ACTIVE_ARCH = YES;
				SDKROOT = iphoneos;
				SWIFT_OPTIMIZATION_LEVEL = "-Onone";
				TARGETED_DEVICE_FAMILY = "1,2";
			};
			name = Debug;
		};
		EAA646E01CB44F9700BDF57C /* Release */ = {
			isa = XCBuildConfiguration;
			buildSettings = {
				ALWAYS_SEARCH_USER_PATHS = NO;
				CLANG_ANALYZER_NONNULL = YES;
				CLANG_CXX_LANGUAGE_STANDARD = "gnu++0x";
				CLANG_CXX_LIBRARY = "libc++";
				CLANG_ENABLE_MODULES = YES;
				CLANG_ENABLE_OBJC_ARC = YES;
				CLANG_WARN_BOOL_CONVERSION = YES;
				CLANG_WARN_CONSTANT_CONVERSION = YES;
				CLANG_WARN_DIRECT_OBJC_ISA_USAGE = YES_ERROR;
				CLANG_WARN_EMPTY_BODY = YES;
				CLANG_WARN_ENUM_CONVERSION = YES;
				CLANG_WARN_INT_CONVERSION = YES;
				CLANG_WARN_OBJC_ROOT_CLASS = YES_ERROR;
				CLANG_WARN_UNREACHABLE_CODE = YES;
				CLANG_WARN__DUPLICATE_METHOD_MATCH = YES;
				"CODE_SIGN_IDENTITY[sdk=iphoneos*]" = "iPhone Developer";
				COPY_PHASE_STRIP = NO;
				DEBUG_INFORMATION_FORMAT = "dwarf-with-dsym";
				ENABLE_NS_ASSERTIONS = NO;
				ENABLE_STRICT_OBJC_MSGSEND = YES;
				GCC_C_LANGUAGE_STANDARD = gnu99;
				GCC_NO_COMMON_BLOCKS = YES;
				GCC_WARN_64_TO_32_BIT_CONVERSION = YES;
				GCC_WARN_ABOUT_RETURN_TYPE = YES_ERROR;
				GCC_WARN_UNDECLARED_SELECTOR = YES;
				GCC_WARN_UNINITIALIZED_AUTOS = YES_AGGRESSIVE;
				GCC_WARN_UNUSED_FUNCTION = YES;
				GCC_WARN_UNUSED_VARIABLE = YES;
				IPHONEOS_DEPLOYMENT_TARGET = 9.3;
				MTL_ENABLE_DEBUG_INFO = NO;
				SDKROOT = iphoneos;
				TARGETED_DEVICE_FAMILY = "1,2";
				VALIDATE_PRODUCT = YES;
			};
			name = Release;
		};
		EAA646E21CB44F9700BDF57C /* Debug */ = {
			isa = XCBuildConfiguration;
			baseConfigurationReference = CD28734B01678CB1826695A2 /* Pods-MyDogSpot.debug.xcconfig */;
			buildSettings = {
				ASSETCATALOG_COMPILER_APPICON_NAME = AppIcon;
				CODE_SIGN_IDENTITY = "iPhone Developer";
				"CODE_SIGN_IDENTITY[sdk=iphoneos*]" = "iPhone Developer";
				ENABLE_BITCODE = NO;
				FRAMEWORK_SEARCH_PATHS = (
					"$(inherited)",
					"$(PROJECT_DIR)/MyDogSpot",
				);
				INFOPLIST_FILE = MyDogSpot/Info.plist;
				LD_RUNPATH_SEARCH_PATHS = "$(inherited) @executable_path/Frameworks";
				PRODUCT_BUNDLE_IDENTIFIER = com.erikawilcox.MyDogSpot;
				PRODUCT_NAME = "$(TARGET_NAME)";
				PROVISIONING_PROFILE = "";
			};
			name = Debug;
		};
		EAA646E31CB44F9700BDF57C /* Release */ = {
			isa = XCBuildConfiguration;
			baseConfigurationReference = 18739A6F8DA1A41974076543 /* Pods-MyDogSpot.release.xcconfig */;
			buildSettings = {
				ASSETCATALOG_COMPILER_APPICON_NAME = AppIcon;
				CODE_SIGN_IDENTITY = "iPhone Developer";
				"CODE_SIGN_IDENTITY[sdk=iphoneos*]" = "iPhone Developer";
				ENABLE_BITCODE = NO;
				FRAMEWORK_SEARCH_PATHS = (
					"$(inherited)",
					"$(PROJECT_DIR)/MyDogSpot",
				);
				INFOPLIST_FILE = MyDogSpot/Info.plist;
				LD_RUNPATH_SEARCH_PATHS = "$(inherited) @executable_path/Frameworks";
				PRODUCT_BUNDLE_IDENTIFIER = com.erikawilcox.MyDogSpot;
				PRODUCT_NAME = "$(TARGET_NAME)";
				PROVISIONING_PROFILE = "";
			};
			name = Release;
		};
		EAA646E51CB44F9700BDF57C /* Debug */ = {
			isa = XCBuildConfiguration;
			buildSettings = {
				BUNDLE_LOADER = "$(TEST_HOST)";
				INFOPLIST_FILE = MyDogSpotTests/Info.plist;
				LD_RUNPATH_SEARCH_PATHS = "$(inherited) @executable_path/Frameworks @loader_path/Frameworks";
				PRODUCT_BUNDLE_IDENTIFIER = com.erikawilcox.MyDogSpotTests;
				PRODUCT_NAME = "$(TARGET_NAME)";
				TEST_HOST = "$(BUILT_PRODUCTS_DIR)/MyDogSpot.app/MyDogSpot";
			};
			name = Debug;
		};
		EAA646E61CB44F9700BDF57C /* Release */ = {
			isa = XCBuildConfiguration;
			buildSettings = {
				BUNDLE_LOADER = "$(TEST_HOST)";
				INFOPLIST_FILE = MyDogSpotTests/Info.plist;
				LD_RUNPATH_SEARCH_PATHS = "$(inherited) @executable_path/Frameworks @loader_path/Frameworks";
				PRODUCT_BUNDLE_IDENTIFIER = com.erikawilcox.MyDogSpotTests;
				PRODUCT_NAME = "$(TARGET_NAME)";
				TEST_HOST = "$(BUILT_PRODUCTS_DIR)/MyDogSpot.app/MyDogSpot";
			};
			name = Release;
		};
		EAA646E81CB44F9700BDF57C /* Debug */ = {
			isa = XCBuildConfiguration;
			buildSettings = {
				INFOPLIST_FILE = MyDogSpotUITests/Info.plist;
				LD_RUNPATH_SEARCH_PATHS = "$(inherited) @executable_path/Frameworks @loader_path/Frameworks";
				PRODUCT_BUNDLE_IDENTIFIER = com.erikawilcox.MyDogSpotUITests;
				PRODUCT_NAME = "$(TARGET_NAME)";
				TEST_TARGET_NAME = MyDogSpot;
			};
			name = Debug;
		};
		EAA646E91CB44F9700BDF57C /* Release */ = {
			isa = XCBuildConfiguration;
			buildSettings = {
				INFOPLIST_FILE = MyDogSpotUITests/Info.plist;
				LD_RUNPATH_SEARCH_PATHS = "$(inherited) @executable_path/Frameworks @loader_path/Frameworks";
				PRODUCT_BUNDLE_IDENTIFIER = com.erikawilcox.MyDogSpotUITests;
				PRODUCT_NAME = "$(TARGET_NAME)";
				TEST_TARGET_NAME = MyDogSpot;
			};
			name = Release;
		};
/* End XCBuildConfiguration section */

/* Begin XCConfigurationList section */
		EAA646B41CB44F9600BDF57C /* Build configuration list for PBXProject "MyDogSpot" */ = {
			isa = XCConfigurationList;
			buildConfigurations = (
				EAA646DF1CB44F9700BDF57C /* Debug */,
				EAA646E01CB44F9700BDF57C /* Release */,
			);
			defaultConfigurationIsVisible = 0;
			defaultConfigurationName = Release;
		};
		EAA646E11CB44F9700BDF57C /* Build configuration list for PBXNativeTarget "MyDogSpot" */ = {
			isa = XCConfigurationList;
			buildConfigurations = (
				EAA646E21CB44F9700BDF57C /* Debug */,
				EAA646E31CB44F9700BDF57C /* Release */,
			);
			defaultConfigurationIsVisible = 0;
			defaultConfigurationName = Release;
		};
		EAA646E41CB44F9700BDF57C /* Build configuration list for PBXNativeTarget "MyDogSpotTests" */ = {
			isa = XCConfigurationList;
			buildConfigurations = (
				EAA646E51CB44F9700BDF57C /* Debug */,
				EAA646E61CB44F9700BDF57C /* Release */,
			);
			defaultConfigurationIsVisible = 0;
			defaultConfigurationName = Release;
		};
		EAA646E71CB44F9700BDF57C /* Build configuration list for PBXNativeTarget "MyDogSpotUITests" */ = {
			isa = XCConfigurationList;
			buildConfigurations = (
				EAA646E81CB44F9700BDF57C /* Debug */,
				EAA646E91CB44F9700BDF57C /* Release */,
			);
			defaultConfigurationIsVisible = 0;
			defaultConfigurationName = Release;
		};
/* End XCConfigurationList section */
	};
	rootObject = EAA646B11CB44F9600BDF57C /* Project object */;
}
